
Microsoft Visual Studio Solution File, Format Version 12.00
# Visual Studio Version 16
VisualStudioVersion = 16.0.31624.102
MinimumVisualStudioVersion = 10.0.40219.1
Project("{FAE04EC0-301F-11D3-BF4B-00C04F79EFBC}") = "Magic_SthepanieArreano", "Magic_SthepanieArreano\Magic_SthepanieArreano.csproj", "{7F5D32EE-1F52-4673-965F-D3869E53323E}"
EndProject
Global
	GlobalSection(SolutionConfigurationPlatforms) = preSolution
		Debug|Any CPU = Debug|Any CPU
		Release|Any CPU = Release|Any CPU
	EndGlobalSection
	GlobalSection(ProjectConfigurationPlatforms) = postSolution
		{7F5D32EE-1F52-4673-965F-D3869E53323E}.Debug|Any CPU.ActiveCfg = Debug|Any CPU
		{7F5D32EE-1F52-4673-965F-D3869E53323E}.Debug|Any CPU.Build.0 = Debug|Any CPU
		{7F5D32EE-1F52-4673-965F-D3869E53323E}.Release|Any CPU.ActiveCfg = Release|Any CPU
		{7F5D32EE-1F52-4673-965F-D3869E53323E}.Release|Any CPU.Build.0 = Release|Any CPU
	EndGlobalSection
	GlobalSection(SolutionProperties) = preSolution
		HideSolutionNode = FALSE
	EndGlobalSection
	GlobalSection(ExtensibilityGlobals) = postSolution
		SolutionGuid = {F72E1794-6FBF-45FF-BE76-B6489D4CD6B8}
	EndGlobalSection
EndGlobal
